
Microsoft Visual Studio Solution File, Format Version 12.00
# Visual Studio Version 17
VisualStudioVersion = 17.9.34714.143
MinimumVisualStudioVersion = 10.0.40219.1
Project("{9A19103F-16F7-4668-BE54-9A1E7A4F7556}") = "IBuyStuff.Domain", "IBuyStuff.Domain\IBuyStuff.Domain.csproj", "{145C3E79-18E3-4BB9-B857-C1EC5891754C}"
EndProject
Project("{9A19103F-16F7-4668-BE54-9A1E7A4F7556}") = "IBuyStuff.Domain.Services", "IBuyStuff.Domain.Services\IBuyStuff.Domain.Services.csproj", "{B7F73EB1-D6D4-4791-8F1F-FD73AE9F788A}"
EndProject
Project("{9A19103F-16F7-4668-BE54-9A1E7A4F7556}") = "IBuyStuff.QueryModel", "IBuyStuff.QueryModel\IBuyStuff.QueryModel.csproj", "{CEACD331-1A2C-40AF-9240-0F1618F6A2E3}"
EndProject
Project("{2150E333-8FDC-42A3-9474-1A3956D46DE8}") = "Domain Layer", "Domain Layer", "{04B5D5BB-89AF-48CC-8CED-530D00C4B658}"
EndProject
Project("{2150E333-8FDC-42A3-9474-1A3956D46DE8}") = "Infrastructure Layer", "Infrastructure Layer", "{D2B59733-287D-4CD5-8E8B-CCB9D5B7C542}"
EndProject
Project("{2150E333-8FDC-42A3-9474-1A3956D46DE8}") = "Misc", "Misc", "{FC16C75E-B05C-4905-AC55-38661360212F}"
EndProject
Project("{9A19103F-16F7-4668-BE54-9A1E7A4F7556}") = "IBuyStuff.Infrastructure", "IBuyStuff.Infrastructure\IBuyStuff.Infrastructure.csproj", "{83B8D9DA-5C3E-4DB4-B936-3F33F01799CB}"
EndProject
Project("{2150E333-8FDC-42A3-9474-1A3956D46DE8}") = "Persistence", "Persistence", "{F72C1E30-7734-4752-BBDC-8734D85EBCC0}"
EndProject
Project("{9A19103F-16F7-4668-BE54-9A1E7A4F7556}") = "IBuyStuff.Persistence", "IBuyStuff.Persistence\IBuyStuff.Persistence.csproj", "{A4EE2F61-52BA-4B2C-A4AF-7A41E9154003}"
EndProject
Project("{9A19103F-16F7-4668-BE54-9A1E7A4F7556}") = "IBuyStuff.QueryModel.Persistence", "IBuyStuff.QueryModel.Persistence\IBuyStuff.QueryModel.Persistence.csproj", "{3D5EB7F1-7D67-4077-9C37-B532F9FF9610}"
EndProject
Project("{2150E333-8FDC-42A3-9474-1A3956D46DE8}") = "Site", "Site", "{ACB07014-D2F6-4926-8D42-F342B568ABC3}"
EndProject
Project("{2150E333-8FDC-42A3-9474-1A3956D46DE8}") = "Application Layer", "Application Layer", "{4A1B87F7-F2E4-47FD-9779-E880A7EB541C}"
EndProject
Project("{9A19103F-16F7-4668-BE54-9A1E7A4F7556}") = "IBuyStuff.Application", "IBuyStuff.Application\IBuyStuff.Application.csproj", "{9E097C48-2779-4E21-BD85-474DD3213C56}"
EndProject
Project("{2150E333-8FDC-42A3-9474-1A3956D46DE8}") = "Presentation Layer", "Presentation Layer", "{CB337DDE-1E6A-4230-96D7-2DE69EA9BDA5}"
EndProject
Project("{9A19103F-16F7-4668-BE54-9A1E7A4F7556}") = "IBuyStuff.Server", "IBuyStuff.Server\IBuyStuff.Server.csproj", "{885A5173-FDD8-4126-BAFA-DE4772DBA98D}"
EndProject
Global
	GlobalSection(SolutionConfigurationPlatforms) = preSolution
		Debug|Any CPU = Debug|Any CPU
		Release|Any CPU = Release|Any CPU
	EndGlobalSection
	GlobalSection(ProjectConfigurationPlatforms) = postSolution
		{145C3E79-18E3-4BB9-B857-C1EC5891754C}.Debug|Any CPU.ActiveCfg = Debug|Any CPU
		{145C3E79-18E3-4BB9-B857-C1EC5891754C}.Debug|Any CPU.Build.0 = Debug|Any CPU
		{145C3E79-18E3-4BB9-B857-C1EC5891754C}.Release|Any CPU.ActiveCfg = Release|Any CPU
		{145C3E79-18E3-4BB9-B857-C1EC5891754C}.Release|Any CPU.Build.0 = Release|Any CPU
		{B7F73EB1-D6D4-4791-8F1F-FD73AE9F788A}.Debug|Any CPU.ActiveCfg = Debug|Any CPU
		{B7F73EB1-D6D4-4791-8F1F-FD73AE9F788A}.Debug|Any CPU.Build.0 = Debug|Any CPU
		{B7F73EB1-D6D4-4791-8F1F-FD73AE9F788A}.Release|Any CPU.ActiveCfg = Release|Any CPU
		{B7F73EB1-D6D4-4791-8F1F-FD73AE9F788A}.Release|Any CPU.Build.0 = Release|Any CPU
		{CEACD331-1A2C-40AF-9240-0F1618F6A2E3}.Debug|Any CPU.ActiveCfg = Debug|Any CPU
		{CEACD331-1A2C-40AF-9240-0F1618F6A2E3}.Debug|Any CPU.Build.0 = Debug|Any CPU
		{CEACD331-1A2C-40AF-9240-0F1618F6A2E3}.Release|Any CPU.ActiveCfg = Release|Any CPU
		{CEACD331-1A2C-40AF-9240-0F1618F6A2E3}.Release|Any CPU.Build.0 = Release|Any CPU
		{83B8D9DA-5C3E-4DB4-B936-3F33F01799CB}.Debug|Any CPU.ActiveCfg = Debug|Any CPU
		{83B8D9DA-5C3E-4DB4-B936-3F33F01799CB}.Debug|Any CPU.Build.0 = Debug|Any CPU
		{83B8D9DA-5C3E-4DB4-B936-3F33F01799CB}.Release|Any CPU.ActiveCfg = Release|Any CPU
		{83B8D9DA-5C3E-4DB4-B936-3F33F01799CB}.Release|Any CPU.Build.0 = Release|Any CPU
		{A4EE2F61-52BA-4B2C-A4AF-7A41E9154003}.Debug|Any CPU.ActiveCfg = Debug|Any CPU
		{A4EE2F61-52BA-4B2C-A4AF-7A41E9154003}.Debug|Any CPU.Build.0 = Debug|Any CPU
		{A4EE2F61-52BA-4B2C-A4AF-7A41E9154003}.Release|Any CPU.ActiveCfg = Release|Any CPU
		{A4EE2F61-52BA-4B2C-A4AF-7A41E9154003}.Release|Any CPU.Build.0 = Release|Any CPU
		{3D5EB7F1-7D67-4077-9C37-B532F9FF9610}.Debug|Any CPU.ActiveCfg = Debug|Any CPU
		{3D5EB7F1-7D67-4077-9C37-B532F9FF9610}.Debug|Any CPU.Build.0 = Debug|Any CPU
		{3D5EB7F1-7D67-4077-9C37-B532F9FF9610}.Release|Any CPU.ActiveCfg = Release|Any CPU
		{3D5EB7F1-7D67-4077-9C37-B532F9FF9610}.Release|Any CPU.Build.0 = Release|Any CPU
		{9E097C48-2779-4E21-BD85-474DD3213C56}.Debug|Any CPU.ActiveCfg = Debug|Any CPU
		{9E097C48-2779-4E21-BD85-474DD3213C56}.Debug|Any CPU.Build.0 = Debug|Any CPU
		{9E097C48-2779-4E21-BD85-474DD3213C56}.Release|Any CPU.ActiveCfg = Release|Any CPU
		{9E097C48-2779-4E21-BD85-474DD3213C56}.Release|Any CPU.Build.0 = Release|Any CPU
		{885A5173-FDD8-4126-BAFA-DE4772DBA98D}.Debug|Any CPU.ActiveCfg = Debug|Any CPU
		{885A5173-FDD8-4126-BAFA-DE4772DBA98D}.Debug|Any CPU.Build.0 = Debug|Any CPU
		{885A5173-FDD8-4126-BAFA-DE4772DBA98D}.Release|Any CPU.ActiveCfg = Release|Any CPU
		{885A5173-FDD8-4126-BAFA-DE4772DBA98D}.Release|Any CPU.Build.0 = Release|Any CPU
	EndGlobalSection
	GlobalSection(SolutionProperties) = preSolution
		HideSolutionNode = FALSE
	EndGlobalSection
	GlobalSection(NestedProjects) = preSolution
		{145C3E79-18E3-4BB9-B857-C1EC5891754C} = {04B5D5BB-89AF-48CC-8CED-530D00C4B658}
		{B7F73EB1-D6D4-4791-8F1F-FD73AE9F788A} = {04B5D5BB-89AF-48CC-8CED-530D00C4B658}
		{CEACD331-1A2C-40AF-9240-0F1618F6A2E3} = {04B5D5BB-89AF-48CC-8CED-530D00C4B658}
		{FC16C75E-B05C-4905-AC55-38661360212F} = {D2B59733-287D-4CD5-8E8B-CCB9D5B7C542}
		{83B8D9DA-5C3E-4DB4-B936-3F33F01799CB} = {FC16C75E-B05C-4905-AC55-38661360212F}
		{F72C1E30-7734-4752-BBDC-8734D85EBCC0} = {D2B59733-287D-4CD5-8E8B-CCB9D5B7C542}
		{A4EE2F61-52BA-4B2C-A4AF-7A41E9154003} = {F72C1E30-7734-4752-BBDC-8734D85EBCC0}
		{3D5EB7F1-7D67-4077-9C37-B532F9FF9610} = {F72C1E30-7734-4752-BBDC-8734D85EBCC0}
		{4A1B87F7-F2E4-47FD-9779-E880A7EB541C} = {ACB07014-D2F6-4926-8D42-F342B568ABC3}
		{9E097C48-2779-4E21-BD85-474DD3213C56} = {4A1B87F7-F2E4-47FD-9779-E880A7EB541C}
		{CB337DDE-1E6A-4230-96D7-2DE69EA9BDA5} = {ACB07014-D2F6-4926-8D42-F342B568ABC3}
		{885A5173-FDD8-4126-BAFA-DE4772DBA98D} = {CB337DDE-1E6A-4230-96D7-2DE69EA9BDA5}
	EndGlobalSection
	GlobalSection(ExtensibilityGlobals) = postSolution
		SolutionGuid = {E0410D78-61EC-4162-96AE-157B051D99CD}
	EndGlobalSection
EndGlobal
