
Microsoft Visual Studio Solution File, Format Version 12.00
# Visual Studio Version 17
VisualStudioVersion = 17.9.34714.143
MinimumVisualStudioVersion = 10.0.40219.1
Project("{2150E333-8FDC-42A3-9474-1A3956D46DE8}") = "Domain Layer", "Domain Layer", "{F1972277-72EF-4204-90CC-CAF5D03BB9AF}"
EndProject
Project("{9A19103F-16F7-4668-BE54-9A1E7A4F7556}") = "IBuyStuff.Domain", "IBuyStuff.Domain\IBuyStuff.Domain.csproj", "{36B9EEB8-F3A0-4F1A-839E-76F92D203870}"
EndProject
Project("{9A19103F-16F7-4668-BE54-9A1E7A4F7556}") = "IBuyStuff.Domain.Services", "IBuyStuff.Domain.Services\IBuyStuff.Domain.Services.csproj", "{DCB6FD01-1A07-4742-AAC4-D10934483273}"
EndProject
Project("{2150E333-8FDC-42A3-9474-1A3956D46DE8}") = "Infrastructure Layer", "Infrastructure Layer", "{81BE57D4-7DFF-4B3C-B52D-816A7DBDA0F8}"
EndProject
Project("{2150E333-8FDC-42A3-9474-1A3956D46DE8}") = "Persistence", "Persistence", "{42E483B5-1206-467A-BD61-1A910C8ED921}"
EndProject
Project("{9A19103F-16F7-4668-BE54-9A1E7A4F7556}") = "IBuyStuff.Persistence", "IBuyStuff.Persistence\IBuyStuff.Persistence.csproj", "{37604001-4FE0-4BCD-8873-25F68E0A218A}"
EndProject
Project("{2150E333-8FDC-42A3-9474-1A3956D46DE8}") = "Misc", "Misc", "{F27EF826-44C4-4227-911C-2A18CC590CA5}"
EndProject
Project("{9A19103F-16F7-4668-BE54-9A1E7A4F7556}") = "IBuyStuff.Infrastructure", "IBuyStuff.Infrastructure\IBuyStuff.Infrastructure.csproj", "{794A41FA-75D0-4033-89D8-5676FBCD71D9}"
EndProject
Project("{2150E333-8FDC-42A3-9474-1A3956D46DE8}") = "Site", "Site", "{A95D5196-67EA-43A3-9C9A-5700A466898E}"
EndProject
Project("{2150E333-8FDC-42A3-9474-1A3956D46DE8}") = "Application Layer", "Application Layer", "{5BC45354-C32D-4174-8D04-88C8C75232E5}"
EndProject
Project("{9A19103F-16F7-4668-BE54-9A1E7A4F7556}") = "IBuyStuff.Application", "IBuyStuff.Application\IBuyStuff.Application.csproj", "{2254D6C5-424E-4CF1-BCC4-909DE3923AD4}"
EndProject
Project("{2150E333-8FDC-42A3-9474-1A3956D46DE8}") = "Presentation Layer", "Presentation Layer", "{0CE6AC1D-B42B-497A-B183-7717F59577EF}"
EndProject
Project("{9A19103F-16F7-4668-BE54-9A1E7A4F7556}") = "IBuyStuff.Server", "IBuyStuff.Server\IBuyStuff.Server.csproj", "{AF4236E5-3268-407D-A9DF-8169E53C9740}"
EndProject
Global
	GlobalSection(SolutionConfigurationPlatforms) = preSolution
		Debug|Any CPU = Debug|Any CPU
		Release|Any CPU = Release|Any CPU
	EndGlobalSection
	GlobalSection(ProjectConfigurationPlatforms) = postSolution
		{36B9EEB8-F3A0-4F1A-839E-76F92D203870}.Debug|Any CPU.ActiveCfg = Debug|Any CPU
		{36B9EEB8-F3A0-4F1A-839E-76F92D203870}.Debug|Any CPU.Build.0 = Debug|Any CPU
		{36B9EEB8-F3A0-4F1A-839E-76F92D203870}.Release|Any CPU.ActiveCfg = Release|Any CPU
		{36B9EEB8-F3A0-4F1A-839E-76F92D203870}.Release|Any CPU.Build.0 = Release|Any CPU
		{DCB6FD01-1A07-4742-AAC4-D10934483273}.Debug|Any CPU.ActiveCfg = Debug|Any CPU
		{DCB6FD01-1A07-4742-AAC4-D10934483273}.Debug|Any CPU.Build.0 = Debug|Any CPU
		{DCB6FD01-1A07-4742-AAC4-D10934483273}.Release|Any CPU.ActiveCfg = Release|Any CPU
		{DCB6FD01-1A07-4742-AAC4-D10934483273}.Release|Any CPU.Build.0 = Release|Any CPU
		{37604001-4FE0-4BCD-8873-25F68E0A218A}.Debug|Any CPU.ActiveCfg = Debug|Any CPU
		{37604001-4FE0-4BCD-8873-25F68E0A218A}.Debug|Any CPU.Build.0 = Debug|Any CPU
		{37604001-4FE0-4BCD-8873-25F68E0A218A}.Release|Any CPU.ActiveCfg = Release|Any CPU
		{37604001-4FE0-4BCD-8873-25F68E0A218A}.Release|Any CPU.Build.0 = Release|Any CPU
		{794A41FA-75D0-4033-89D8-5676FBCD71D9}.Debug|Any CPU.ActiveCfg = Debug|Any CPU
		{794A41FA-75D0-4033-89D8-5676FBCD71D9}.Debug|Any CPU.Build.0 = Debug|Any CPU
		{794A41FA-75D0-4033-89D8-5676FBCD71D9}.Release|Any CPU.ActiveCfg = Release|Any CPU
		{794A41FA-75D0-4033-89D8-5676FBCD71D9}.Release|Any CPU.Build.0 = Release|Any CPU
		{2254D6C5-424E-4CF1-BCC4-909DE3923AD4}.Debug|Any CPU.ActiveCfg = Debug|Any CPU
		{2254D6C5-424E-4CF1-BCC4-909DE3923AD4}.Debug|Any CPU.Build.0 = Debug|Any CPU
		{2254D6C5-424E-4CF1-BCC4-909DE3923AD4}.Release|Any CPU.ActiveCfg = Release|Any CPU
		{2254D6C5-424E-4CF1-BCC4-909DE3923AD4}.Release|Any CPU.Build.0 = Release|Any CPU
		{AF4236E5-3268-407D-A9DF-8169E53C9740}.Debug|Any CPU.ActiveCfg = Debug|Any CPU
		{AF4236E5-3268-407D-A9DF-8169E53C9740}.Debug|Any CPU.Build.0 = Debug|Any CPU
		{AF4236E5-3268-407D-A9DF-8169E53C9740}.Release|Any CPU.ActiveCfg = Release|Any CPU
		{AF4236E5-3268-407D-A9DF-8169E53C9740}.Release|Any CPU.Build.0 = Release|Any CPU
	EndGlobalSection
	GlobalSection(SolutionProperties) = preSolution
		HideSolutionNode = FALSE
	EndGlobalSection
	GlobalSection(NestedProjects) = preSolution
		{36B9EEB8-F3A0-4F1A-839E-76F92D203870} = {F1972277-72EF-4204-90CC-CAF5D03BB9AF}
		{DCB6FD01-1A07-4742-AAC4-D10934483273} = {F1972277-72EF-4204-90CC-CAF5D03BB9AF}
		{42E483B5-1206-467A-BD61-1A910C8ED921} = {81BE57D4-7DFF-4B3C-B52D-816A7DBDA0F8}
		{37604001-4FE0-4BCD-8873-25F68E0A218A} = {42E483B5-1206-467A-BD61-1A910C8ED921}
		{F27EF826-44C4-4227-911C-2A18CC590CA5} = {81BE57D4-7DFF-4B3C-B52D-816A7DBDA0F8}
		{794A41FA-75D0-4033-89D8-5676FBCD71D9} = {F27EF826-44C4-4227-911C-2A18CC590CA5}
		{5BC45354-C32D-4174-8D04-88C8C75232E5} = {A95D5196-67EA-43A3-9C9A-5700A466898E}
		{2254D6C5-424E-4CF1-BCC4-909DE3923AD4} = {5BC45354-C32D-4174-8D04-88C8C75232E5}
		{0CE6AC1D-B42B-497A-B183-7717F59577EF} = {A95D5196-67EA-43A3-9C9A-5700A466898E}
		{AF4236E5-3268-407D-A9DF-8169E53C9740} = {0CE6AC1D-B42B-497A-B183-7717F59577EF}
	EndGlobalSection
	GlobalSection(ExtensibilityGlobals) = postSolution
		SolutionGuid = {CFE2AE4D-217E-417E-BC7E-BB6B89C9CD95}
	EndGlobalSection
EndGlobal
